// !$*UTF8*$!
{
	archiveVersion = 1;
	classes = {
	};
	objectVersion = 46;
	objects = {

/* Begin PBXBuildFile section */
		05B3E000177B2E760B3A5B0E /* libPods.a in Frameworks */ = {isa = PBXBuildFile; fileRef = E8E792D13A526B5E88944E2D /* libPods.a */; };
		3F0006F21B4D7C6C00503F50 /* NSString+ToNSDate.m in Sources */ = {isa = PBXBuildFile; fileRef = 3F0006F11B4D7C6C00503F50 /* NSString+ToNSDate.m */; };
		3F2547441B45A0060012CDD6 /* main.m in Sources */ = {isa = PBXBuildFile; fileRef = 3F2547431B45A0060012CDD6 /* main.m */; };
		3F2547471B45A0060012CDD6 /* AppDelegate.m in Sources */ = {isa = PBXBuildFile; fileRef = 3F2547461B45A0060012CDD6 /* AppDelegate.m */; };
		3F2547501B45A0060012CDD6 /* Main.storyboard in Resources */ = {isa = PBXBuildFile; fileRef = 3F25474E1B45A0060012CDD6 /* Main.storyboard */; };
		3F2547521B45A0070012CDD6 /* Images.xcassets in Resources */ = {isa = PBXBuildFile; fileRef = 3F2547511B45A0070012CDD6 /* Images.xcassets */; };
		3F2547551B45A0070012CDD6 /* LaunchScreen.xib in Resources */ = {isa = PBXBuildFile; fileRef = 3F2547531B45A0070012CDD6 /* LaunchScreen.xib */; };
		3F2547611B45A0070012CDD6 /* MrCodeTests.m in Sources */ = {isa = PBXBuildFile; fileRef = 3F2547601B45A0070012CDD6 /* MrCodeTests.m */; };
		3F2547771B45A1DE0012CDD6 /* GitHubOAuthClient.m in Sources */ = {isa = PBXBuildFile; fileRef = 3F25476D1B45A1DE0012CDD6 /* GitHubOAuthClient.m */; };
		3F2547781B45A1DE0012CDD6 /* GITNotification.m in Sources */ = {isa = PBXBuildFile; fileRef = 3F2547701B45A1DE0012CDD6 /* GITNotification.m */; };
		3F2547791B45A1DE0012CDD6 /* GITOrganization.m in Sources */ = {isa = PBXBuildFile; fileRef = 3F2547721B45A1DE0012CDD6 /* GITOrganization.m */; };
		3F25477A1B45A1DE0012CDD6 /* GITRepository.m in Sources */ = {isa = PBXBuildFile; fileRef = 3F2547741B45A1DE0012CDD6 /* GITRepository.m */; };
		3F25477B1B45A1DE0012CDD6 /* GITUser.m in Sources */ = {isa = PBXBuildFile; fileRef = 3F2547761B45A1DE0012CDD6 /* GITUser.m */; };
		3F2547871B47F41D0012CDD6 /* NotificationsTableVC.m in Sources */ = {isa = PBXBuildFile; fileRef = 3F2547861B47F41D0012CDD6 /* NotificationsTableVC.m */; };
		3F25478E1B47F6FF0012CDD6 /* RepositoriesTableVC.m in Sources */ = {isa = PBXBuildFile; fileRef = 3F25478D1B47F6FF0012CDD6 /* RepositoriesTableVC.m */; };
		3F2547931B4842C80012CDD6 /* ReposTableViewCell.m in Sources */ = {isa = PBXBuildFile; fileRef = 3F2547921B4842C80012CDD6 /* ReposTableViewCell.m */; };
		3F2547961B4900960012CDD6 /* TestViewController.m in Sources */ = {isa = PBXBuildFile; fileRef = 3F2547951B4900960012CDD6 /* TestViewController.m */; };
		3F29DF1B1B4D8A6D002257DF /* GITBaseModel.m in Sources */ = {isa = PBXBuildFile; fileRef = 3F29DF1A1B4D8A6D002257DF /* GITBaseModel.m */; };
		3F29DF211B50E718002257DF /* NotificationTableViewCell.m in Sources */ = {isa = PBXBuildFile; fileRef = 3F29DF201B50E718002257DF /* NotificationTableViewCell.m */; };
		3F29DF241B516804002257DF /* GITEvent.m in Sources */ = {isa = PBXBuildFile; fileRef = 3F29DF231B516804002257DF /* GITEvent.m */; };
		3F29DF371B52485B002257DF /* GITSearch.m in Sources */ = {isa = PBXBuildFile; fileRef = 3F29DF361B52485B002257DF /* GITSearch.m */; };
		3F4149061B5B5EE30025B708 /* UserProfileTableVC.m in Sources */ = {isa = PBXBuildFile; fileRef = 3F4149051B5B5EE30025B708 /* UserProfileTableVC.m */; };
		3F4149091B5B8E2B0025B708 /* UserProfileHeaderView.m in Sources */ = {isa = PBXBuildFile; fileRef = 3F4149081B5B8E2B0025B708 /* UserProfileHeaderView.m */; };
		3FBFD28C1B4AD68800BDC00F /* UIImage+MRC_Octicons.m in Sources */ = {isa = PBXBuildFile; fileRef = 3FBFD28B1B4AD68800BDC00F /* UIImage+MRC_Octicons.m */; };
		3FBFD28F1B4C1C0900BDC00F /* RepositoryDetailTableVC.m in Sources */ = {isa = PBXBuildFile; fileRef = 3FBFD28E1B4C1C0900BDC00F /* RepositoryDetailTableVC.m */; };
		3FBFD2921B4C1C3500BDC00F /* RepositoryHeaderView.m in Sources */ = {isa = PBXBuildFile; fileRef = 3FBFD2911B4C1C3500BDC00F /* RepositoryHeaderView.m */; };
		3FCF7CEF1B635337002CE5D5 /* KxMenu.m in Sources */ = {isa = PBXBuildFile; fileRef = 3FCF7CEE1B635337002CE5D5 /* KxMenu.m */; };
		3FCF7CF81B63865B002CE5D5 /* SearchDeveloperCell.m in Sources */ = {isa = PBXBuildFile; fileRef = 3FCF7CF31B63865B002CE5D5 /* SearchDeveloperCell.m */; };
		3FCF7CF91B63865B002CE5D5 /* SearchRepositoryCell.m in Sources */ = {isa = PBXBuildFile; fileRef = 3FCF7CF51B63865B002CE5D5 /* SearchRepositoryCell.m */; };
		3FCF7CFA1B63865B002CE5D5 /* SearchTableVC.m in Sources */ = {isa = PBXBuildFile; fileRef = 3FCF7CF71B63865B002CE5D5 /* SearchTableVC.m */; };
/* End PBXBuildFile section */

/* Begin PBXContainerItemProxy section */
		3F25475B1B45A0070012CDD6 /* PBXContainerItemProxy */ = {
			isa = PBXContainerItemProxy;
			containerPortal = 3F2547361B45A0060012CDD6 /* Project object */;
			proxyType = 1;
			remoteGlobalIDString = 3F25473D1B45A0060012CDD6;
			remoteInfo = MrCode;
		};
/* End PBXContainerItemProxy section */

/* Begin PBXFileReference section */
		3F0006F01B4D7C6C00503F50 /* NSString+ToNSDate.h */ = {isa = PBXFileReference; fileEncoding = 4; lastKnownFileType = sourcecode.c.h; path = "NSString+ToNSDate.h"; sourceTree = "<group>"; };
		3F0006F11B4D7C6C00503F50 /* NSString+ToNSDate.m */ = {isa = PBXFileReference; fileEncoding = 4; lastKnownFileType = sourcecode.c.objc; path = "NSString+ToNSDate.m"; sourceTree = "<group>"; };
		3F25473E1B45A0060012CDD6 /* MrCode.app */ = {isa = PBXFileReference; explicitFileType = wrapper.application; includeInIndex = 0; path = MrCode.app; sourceTree = BUILT_PRODUCTS_DIR; };
		3F2547421B45A0060012CDD6 /* Info.plist */ = {isa = PBXFileReference; lastKnownFileType = text.plist.xml; path = Info.plist; sourceTree = "<group>"; };
		3F2547431B45A0060012CDD6 /* main.m */ = {isa = PBXFileReference; lastKnownFileType = sourcecode.c.objc; path = main.m; sourceTree = "<group>"; };
		3F2547451B45A0060012CDD6 /* AppDelegate.h */ = {isa = PBXFileReference; lastKnownFileType = sourcecode.c.h; path = AppDelegate.h; sourceTree = "<group>"; };
		3F2547461B45A0060012CDD6 /* AppDelegate.m */ = {isa = PBXFileReference; lastKnownFileType = sourcecode.c.objc; path = AppDelegate.m; sourceTree = "<group>"; };
		3F25474F1B45A0060012CDD6 /* Base */ = {isa = PBXFileReference; lastKnownFileType = file.storyboard; name = Base; path = Base.lproj/Main.storyboard; sourceTree = "<group>"; };
		3F2547511B45A0070012CDD6 /* Images.xcassets */ = {isa = PBXFileReference; lastKnownFileType = folder.assetcatalog; path = Images.xcassets; sourceTree = "<group>"; };
		3F2547541B45A0070012CDD6 /* Base */ = {isa = PBXFileReference; lastKnownFileType = file.xib; name = Base; path = Base.lproj/LaunchScreen.xib; sourceTree = "<group>"; };
		3F25475A1B45A0070012CDD6 /* MrCodeTests.xctest */ = {isa = PBXFileReference; explicitFileType = wrapper.cfbundle; includeInIndex = 0; path = MrCodeTests.xctest; sourceTree = BUILT_PRODUCTS_DIR; };
		3F25475F1B45A0070012CDD6 /* Info.plist */ = {isa = PBXFileReference; lastKnownFileType = text.plist.xml; path = Info.plist; sourceTree = "<group>"; };
		3F2547601B45A0070012CDD6 /* MrCodeTests.m */ = {isa = PBXFileReference; lastKnownFileType = sourcecode.c.objc; path = MrCodeTests.m; sourceTree = "<group>"; };
		3F25476B1B45A1DE0012CDD6 /* GitHubAPIClient.h */ = {isa = PBXFileReference; fileEncoding = 4; lastKnownFileType = sourcecode.c.h; path = GitHubAPIClient.h; sourceTree = "<group>"; };
		3F25476C1B45A1DE0012CDD6 /* GitHubOAuthClient.h */ = {isa = PBXFileReference; fileEncoding = 4; lastKnownFileType = sourcecode.c.h; path = GitHubOAuthClient.h; sourceTree = "<group>"; };
		3F25476D1B45A1DE0012CDD6 /* GitHubOAuthClient.m */ = {isa = PBXFileReference; fileEncoding = 4; lastKnownFileType = sourcecode.c.objc; path = GitHubOAuthClient.m; sourceTree = "<group>"; };
		3F25476F1B45A1DE0012CDD6 /* GITNotification.h */ = {isa = PBXFileReference; fileEncoding = 4; lastKnownFileType = sourcecode.c.h; path = GITNotification.h; sourceTree = "<group>"; };
		3F2547701B45A1DE0012CDD6 /* GITNotification.m */ = {isa = PBXFileReference; fileEncoding = 4; lastKnownFileType = sourcecode.c.objc; path = GITNotification.m; sourceTree = "<group>"; };
		3F2547711B45A1DE0012CDD6 /* GITOrganization.h */ = {isa = PBXFileReference; fileEncoding = 4; lastKnownFileType = sourcecode.c.h; path = GITOrganization.h; sourceTree = "<group>"; };
		3F2547721B45A1DE0012CDD6 /* GITOrganization.m */ = {isa = PBXFileReference; fileEncoding = 4; lastKnownFileType = sourcecode.c.objc; path = GITOrganization.m; sourceTree = "<group>"; };
		3F2547731B45A1DE0012CDD6 /* GITRepository.h */ = {isa = PBXFileReference; fileEncoding = 4; lastKnownFileType = sourcecode.c.h; path = GITRepository.h; sourceTree = "<group>"; };
		3F2547741B45A1DE0012CDD6 /* GITRepository.m */ = {isa = PBXFileReference; fileEncoding = 4; lastKnownFileType = sourcecode.c.objc; path = GITRepository.m; sourceTree = "<group>"; };
		3F2547751B45A1DE0012CDD6 /* GITUser.h */ = {isa = PBXFileReference; fileEncoding = 4; lastKnownFileType = sourcecode.c.h; path = GITUser.h; sourceTree = "<group>"; };
		3F2547761B45A1DE0012CDD6 /* GITUser.m */ = {isa = PBXFileReference; fileEncoding = 4; lastKnownFileType = sourcecode.c.objc; path = GITUser.m; sourceTree = "<group>"; };
		3F2547851B47F41D0012CDD6 /* NotificationsTableVC.h */ = {isa = PBXFileReference; fileEncoding = 4; lastKnownFileType = sourcecode.c.h; path = NotificationsTableVC.h; sourceTree = "<group>"; };
		3F2547861B47F41D0012CDD6 /* NotificationsTableVC.m */ = {isa = PBXFileReference; fileEncoding = 4; lastKnownFileType = sourcecode.c.objc; path = NotificationsTableVC.m; sourceTree = "<group>"; };
		3F25478C1B47F6FF0012CDD6 /* RepositoriesTableVC.h */ = {isa = PBXFileReference; fileEncoding = 4; lastKnownFileType = sourcecode.c.h; path = RepositoriesTableVC.h; sourceTree = "<group>"; };
		3F25478D1B47F6FF0012CDD6 /* RepositoriesTableVC.m */ = {isa = PBXFileReference; fileEncoding = 4; lastKnownFileType = sourcecode.c.objc; path = RepositoriesTableVC.m; sourceTree = "<group>"; };
		3F2547901B48053C0012CDD6 /* MrCode-Prefix.pch */ = {isa = PBXFileReference; lastKnownFileType = sourcecode.c.h; path = "MrCode-Prefix.pch"; sourceTree = "<group>"; };
		3F2547911B4842C80012CDD6 /* ReposTableViewCell.h */ = {isa = PBXFileReference; fileEncoding = 4; lastKnownFileType = sourcecode.c.h; path = ReposTableViewCell.h; sourceTree = "<group>"; };
		3F2547921B4842C80012CDD6 /* ReposTableViewCell.m */ = {isa = PBXFileReference; fileEncoding = 4; lastKnownFileType = sourcecode.c.objc; path = ReposTableViewCell.m; sourceTree = "<group>"; };
		3F2547941B4900960012CDD6 /* TestViewController.h */ = {isa = PBXFileReference; fileEncoding = 4; lastKnownFileType = sourcecode.c.h; path = TestViewController.h; sourceTree = "<group>"; };
		3F2547951B4900960012CDD6 /* TestViewController.m */ = {isa = PBXFileReference; fileEncoding = 4; lastKnownFileType = sourcecode.c.objc; path = TestViewController.m; sourceTree = "<group>"; };
		3F29DF191B4D8A6D002257DF /* GITBaseModel.h */ = {isa = PBXFileReference; fileEncoding = 4; lastKnownFileType = sourcecode.c.h; path = GITBaseModel.h; sourceTree = "<group>"; };
		3F29DF1A1B4D8A6D002257DF /* GITBaseModel.m */ = {isa = PBXFileReference; fileEncoding = 4; lastKnownFileType = sourcecode.c.objc; path = GITBaseModel.m; sourceTree = "<group>"; };
		3F29DF1F1B50E718002257DF /* NotificationTableViewCell.h */ = {isa = PBXFileReference; fileEncoding = 4; lastKnownFileType = sourcecode.c.h; path = NotificationTableViewCell.h; sourceTree = "<group>"; };
		3F29DF201B50E718002257DF /* NotificationTableViewCell.m */ = {isa = PBXFileReference; fileEncoding = 4; lastKnownFileType = sourcecode.c.objc; path = NotificationTableViewCell.m; sourceTree = "<group>"; };
		3F29DF221B516804002257DF /* GITEvent.h */ = {isa = PBXFileReference; fileEncoding = 4; lastKnownFileType = sourcecode.c.h; path = GITEvent.h; sourceTree = "<group>"; };
		3F29DF231B516804002257DF /* GITEvent.m */ = {isa = PBXFileReference; fileEncoding = 4; lastKnownFileType = sourcecode.c.objc; path = GITEvent.m; sourceTree = "<group>"; };
		3F29DF351B52485B002257DF /* GITSearch.h */ = {isa = PBXFileReference; fileEncoding = 4; lastKnownFileType = sourcecode.c.h; path = GITSearch.h; sourceTree = "<group>"; };
		3F29DF361B52485B002257DF /* GITSearch.m */ = {isa = PBXFileReference; fileEncoding = 4; lastKnownFileType = sourcecode.c.objc; path = GITSearch.m; sourceTree = "<group>"; };
		3F4149041B5B5EE30025B708 /* UserProfileTableVC.h */ = {isa = PBXFileReference; fileEncoding = 4; lastKnownFileType = sourcecode.c.h; path = UserProfileTableVC.h; sourceTree = "<group>"; };
		3F4149051B5B5EE30025B708 /* UserProfileTableVC.m */ = {isa = PBXFileReference; fileEncoding = 4; lastKnownFileType = sourcecode.c.objc; path = UserProfileTableVC.m; sourceTree = "<group>"; };
		3F4149071B5B8E2B0025B708 /* UserProfileHeaderView.h */ = {isa = PBXFileReference; fileEncoding = 4; lastKnownFileType = sourcecode.c.h; path = UserProfileHeaderView.h; sourceTree = "<group>"; };
		3F4149081B5B8E2B0025B708 /* UserProfileHeaderView.m */ = {isa = PBXFileReference; fileEncoding = 4; lastKnownFileType = sourcecode.c.objc; path = UserProfileHeaderView.m; sourceTree = "<group>"; };
		3FBFD28A1B4AD68800BDC00F /* UIImage+MRC_Octicons.h */ = {isa = PBXFileReference; fileEncoding = 4; lastKnownFileType = sourcecode.c.h; path = "UIImage+MRC_Octicons.h"; sourceTree = "<group>"; };
		3FBFD28B1B4AD68800BDC00F /* UIImage+MRC_Octicons.m */ = {isa = PBXFileReference; fileEncoding = 4; lastKnownFileType = sourcecode.c.objc; path = "UIImage+MRC_Octicons.m"; sourceTree = "<group>"; };
		3FBFD28D1B4C1C0900BDC00F /* RepositoryDetailTableVC.h */ = {isa = PBXFileReference; fileEncoding = 4; lastKnownFileType = sourcecode.c.h; path = RepositoryDetailTableVC.h; sourceTree = "<group>"; };
		3FBFD28E1B4C1C0900BDC00F /* RepositoryDetailTableVC.m */ = {isa = PBXFileReference; fileEncoding = 4; lastKnownFileType = sourcecode.c.objc; path = RepositoryDetailTableVC.m; sourceTree = "<group>"; };
		3FBFD2901B4C1C3500BDC00F /* RepositoryHeaderView.h */ = {isa = PBXFileReference; fileEncoding = 4; lastKnownFileType = sourcecode.c.h; path = RepositoryHeaderView.h; sourceTree = "<group>"; };
		3FBFD2911B4C1C3500BDC00F /* RepositoryHeaderView.m */ = {isa = PBXFileReference; fileEncoding = 4; lastKnownFileType = sourcecode.c.objc; path = RepositoryHeaderView.m; sourceTree = "<group>"; };
		3FCF7CED1B635337002CE5D5 /* KxMenu.h */ = {isa = PBXFileReference; fileEncoding = 4; lastKnownFileType = sourcecode.c.h; path = KxMenu.h; sourceTree = "<group>"; };
		3FCF7CEE1B635337002CE5D5 /* KxMenu.m */ = {isa = PBXFileReference; fileEncoding = 4; lastKnownFileType = sourcecode.c.objc; path = KxMenu.m; sourceTree = "<group>"; };
		3FCF7CF21B63865B002CE5D5 /* SearchDeveloperCell.h */ = {isa = PBXFileReference; fileEncoding = 4; lastKnownFileType = sourcecode.c.h; path = SearchDeveloperCell.h; sourceTree = "<group>"; };
		3FCF7CF31B63865B002CE5D5 /* SearchDeveloperCell.m */ = {isa = PBXFileReference; fileEncoding = 4; lastKnownFileType = sourcecode.c.objc; path = SearchDeveloperCell.m; sourceTree = "<group>"; };
		3FCF7CF41B63865B002CE5D5 /* SearchRepositoryCell.h */ = {isa = PBXFileReference; fileEncoding = 4; lastKnownFileType = sourcecode.c.h; path = SearchRepositoryCell.h; sourceTree = "<group>"; };
		3FCF7CF51B63865B002CE5D5 /* SearchRepositoryCell.m */ = {isa = PBXFileReference; fileEncoding = 4; lastKnownFileType = sourcecode.c.objc; path = SearchRepositoryCell.m; sourceTree = "<group>"; };
		3FCF7CF61B63865B002CE5D5 /* SearchTableVC.h */ = {isa = PBXFileReference; fileEncoding = 4; lastKnownFileType = sourcecode.c.h; path = SearchTableVC.h; sourceTree = "<group>"; };
		3FCF7CF71B63865B002CE5D5 /* SearchTableVC.m */ = {isa = PBXFileReference; fileEncoding = 4; lastKnownFileType = sourcecode.c.objc; path = SearchTableVC.m; sourceTree = "<group>"; };
		AB24770223FEE1F449EAD4FD /* Pods.debug.xcconfig */ = {isa = PBXFileReference; includeInIndex = 1; lastKnownFileType = text.xcconfig; name = Pods.debug.xcconfig; path = "Pods/Target Support Files/Pods/Pods.debug.xcconfig"; sourceTree = "<group>"; };
		C003DD33F5E02E04E4EEC24D /* Pods.release.xcconfig */ = {isa = PBXFileReference; includeInIndex = 1; lastKnownFileType = text.xcconfig; name = Pods.release.xcconfig; path = "Pods/Target Support Files/Pods/Pods.release.xcconfig"; sourceTree = "<group>"; };
		E8E792D13A526B5E88944E2D /* libPods.a */ = {isa = PBXFileReference; explicitFileType = archive.ar; includeInIndex = 0; path = libPods.a; sourceTree = BUILT_PRODUCTS_DIR; };
/* End PBXFileReference section */

/* Begin PBXFrameworksBuildPhase section */
		3F25473B1B45A0060012CDD6 /* Frameworks */ = {
			isa = PBXFrameworksBuildPhase;
			buildActionMask = 2147483647;
			files = (
				05B3E000177B2E760B3A5B0E /* libPods.a in Frameworks */,
			);
			runOnlyForDeploymentPostprocessing = 0;
		};
		3F2547571B45A0070012CDD6 /* Frameworks */ = {
			isa = PBXFrameworksBuildPhase;
			buildActionMask = 2147483647;
			files = (
			);
			runOnlyForDeploymentPostprocessing = 0;
		};
/* End PBXFrameworksBuildPhase section */

/* Begin PBXGroup section */
		3F2547351B45A0060012CDD6 = {
			isa = PBXGroup;
			children = (
				3F2547401B45A0060012CDD6 /* MrCode */,
				3F25475D1B45A0070012CDD6 /* MrCodeTests */,
				3F25473F1B45A0060012CDD6 /* Products */,
				CD56E7A853F377ABE5D06B3C /* Pods */,
				8E4F274592BE737AB4EBFF48 /* Frameworks */,
			);
			sourceTree = "<group>";
		};
		3F25473F1B45A0060012CDD6 /* Products */ = {
			isa = PBXGroup;
			children = (
				3F25473E1B45A0060012CDD6 /* MrCode.app */,
				3F25475A1B45A0070012CDD6 /* MrCodeTests.xctest */,
			);
			name = Products;
			sourceTree = "<group>";
		};
		3F2547401B45A0060012CDD6 /* MrCode */ = {
			isa = PBXGroup;
			children = (
				3FCF7CEB1B635324002CE5D5 /* Vendors */,
				3F25476A1B45A1DE0012CDD6 /* GitHubAPIClient */,
				3F2547811B47F3D40012CDD6 /* Sections */,
				3FBFD2891B4AD67800BDC00F /* Helpers */,
				3F2547451B45A0060012CDD6 /* AppDelegate.h */,
				3F2547461B45A0060012CDD6 /* AppDelegate.m */,
				3F25474E1B45A0060012CDD6 /* Main.storyboard */,
				3F2547511B45A0070012CDD6 /* Images.xcassets */,
				3F2547531B45A0070012CDD6 /* LaunchScreen.xib */,
				3F2547411B45A0060012CDD6 /* Supporting Files */,
				3F2547941B4900960012CDD6 /* TestViewController.h */,
				3F2547951B4900960012CDD6 /* TestViewController.m */,
			);
			path = MrCode;
			sourceTree = "<group>";
		};
		3F2547411B45A0060012CDD6 /* Supporting Files */ = {
			isa = PBXGroup;
			children = (
				3F2547421B45A0060012CDD6 /* Info.plist */,
				3F2547431B45A0060012CDD6 /* main.m */,
				3F2547901B48053C0012CDD6 /* MrCode-Prefix.pch */,
			);
			name = "Supporting Files";
			sourceTree = "<group>";
		};
		3F25475D1B45A0070012CDD6 /* MrCodeTests */ = {
			isa = PBXGroup;
			children = (
				3F2547601B45A0070012CDD6 /* MrCodeTests.m */,
				3F25475E1B45A0070012CDD6 /* Supporting Files */,
			);
			path = MrCodeTests;
			sourceTree = "<group>";
		};
		3F25475E1B45A0070012CDD6 /* Supporting Files */ = {
			isa = PBXGroup;
			children = (
				3F25475F1B45A0070012CDD6 /* Info.plist */,
			);
			name = "Supporting Files";
			sourceTree = "<group>";
		};
		3F25476A1B45A1DE0012CDD6 /* GitHubAPIClient */ = {
			isa = PBXGroup;
			children = (
				3F25476B1B45A1DE0012CDD6 /* GitHubAPIClient.h */,
				3F25476C1B45A1DE0012CDD6 /* GitHubOAuthClient.h */,
				3F25476D1B45A1DE0012CDD6 /* GitHubOAuthClient.m */,
				3F25476E1B45A1DE0012CDD6 /* Models */,
			);
			path = GitHubAPIClient;
			sourceTree = "<group>";
		};
		3F25476E1B45A1DE0012CDD6 /* Models */ = {
			isa = PBXGroup;
			children = (
				3F29DF191B4D8A6D002257DF /* GITBaseModel.h */,
				3F29DF1A1B4D8A6D002257DF /* GITBaseModel.m */,
				3F2547751B45A1DE0012CDD6 /* GITUser.h */,
				3F2547761B45A1DE0012CDD6 /* GITUser.m */,
				3F25476F1B45A1DE0012CDD6 /* GITNotification.h */,
				3F2547701B45A1DE0012CDD6 /* GITNotification.m */,
				3F2547711B45A1DE0012CDD6 /* GITOrganization.h */,
				3F2547721B45A1DE0012CDD6 /* GITOrganization.m */,
				3F2547731B45A1DE0012CDD6 /* GITRepository.h */,
				3F2547741B45A1DE0012CDD6 /* GITRepository.m */,
				3F29DF221B516804002257DF /* GITEvent.h */,
				3F29DF231B516804002257DF /* GITEvent.m */,
				3F29DF351B52485B002257DF /* GITSearch.h */,
				3F29DF361B52485B002257DF /* GITSearch.m */,
			);
			path = Models;
			sourceTree = "<group>";
		};
		3F2547811B47F3D40012CDD6 /* Sections */ = {
			isa = PBXGroup;
			children = (
				3FCF7CF01B63865B002CE5D5 /* Explore */,
				3F4149031B5B5E6D0025B708 /* Profile */,
				3F2547821B47F3D40012CDD6 /* Notifications */,
				3F25478B1B47F6ED0012CDD6 /* Repositories */,
				3F2547841B47F3D40012CDD6 /* Settings */,
			);
			path = Sections;
			sourceTree = "<group>";
		};
		3F2547821B47F3D40012CDD6 /* Notifications */ = {
			isa = PBXGroup;
			children = (
				3F2547851B47F41D0012CDD6 /* NotificationsTableVC.h */,
				3F2547861B47F41D0012CDD6 /* NotificationsTableVC.m */,
				3F29DF1F1B50E718002257DF /* NotificationTableViewCell.h */,
				3F29DF201B50E718002257DF /* NotificationTableViewCell.m */,
			);
			path = Notifications;
			sourceTree = "<group>";
		};
		3F2547841B47F3D40012CDD6 /* Settings */ = {
			isa = PBXGroup;
			children = (
			);
			path = Settings;
			sourceTree = "<group>";
		};
		3F25478B1B47F6ED0012CDD6 /* Repositories */ = {
			isa = PBXGroup;
			children = (
				3F25478C1B47F6FF0012CDD6 /* RepositoriesTableVC.h */,
				3F25478D1B47F6FF0012CDD6 /* RepositoriesTableVC.m */,
				3F2547911B4842C80012CDD6 /* ReposTableViewCell.h */,
				3F2547921B4842C80012CDD6 /* ReposTableViewCell.m */,
				3FBFD28D1B4C1C0900BDC00F /* RepositoryDetailTableVC.h */,
				3FBFD28E1B4C1C0900BDC00F /* RepositoryDetailTableVC.m */,
				3FBFD2901B4C1C3500BDC00F /* RepositoryHeaderView.h */,
				3FBFD2911B4C1C3500BDC00F /* RepositoryHeaderView.m */,
			);
			path = Repositories;
			sourceTree = "<group>";
		};
		3F4149031B5B5E6D0025B708 /* Profile */ = {
			isa = PBXGroup;
			children = (
				3F4149041B5B5EE30025B708 /* UserProfileTableVC.h */,
				3F4149051B5B5EE30025B708 /* UserProfileTableVC.m */,
				3F4149071B5B8E2B0025B708 /* UserProfileHeaderView.h */,
				3F4149081B5B8E2B0025B708 /* UserProfileHeaderView.m */,
			);
			path = Profile;
			sourceTree = "<group>";
		};
		3FBFD2891B4AD67800BDC00F /* Helpers */ = {
			isa = PBXGroup;
			children = (
				3FBFD28A1B4AD68800BDC00F /* UIImage+MRC_Octicons.h */,
				3FBFD28B1B4AD68800BDC00F /* UIImage+MRC_Octicons.m */,
				3F0006F01B4D7C6C00503F50 /* NSString+ToNSDate.h */,
				3F0006F11B4D7C6C00503F50 /* NSString+ToNSDate.m */,
			);
			path = Helpers;
			sourceTree = "<group>";
		};
		3FCF7CEB1B635324002CE5D5 /* Vendors */ = {
			isa = PBXGroup;
			children = (
				3FCF7CEC1B635324002CE5D5 /* KxMenu */,
			);
			path = Vendors;
			sourceTree = "<group>";
		};
		3FCF7CEC1B635324002CE5D5 /* KxMenu */ = {
			isa = PBXGroup;
			children = (
				3FCF7CED1B635337002CE5D5 /* KxMenu.h */,
				3FCF7CEE1B635337002CE5D5 /* KxMenu.m */,
			);
			path = KxMenu;
			sourceTree = "<group>";
		};
		3FCF7CF01B63865B002CE5D5 /* Explore */ = {
			isa = PBXGroup;
			children = (
				3FCF7CF21B63865B002CE5D5 /* SearchDeveloperCell.h */,
				3FCF7CF31B63865B002CE5D5 /* SearchDeveloperCell.m */,
				3FCF7CF41B63865B002CE5D5 /* SearchRepositoryCell.h */,
				3FCF7CF51B63865B002CE5D5 /* SearchRepositoryCell.m */,
				3FCF7CF61B63865B002CE5D5 /* SearchTableVC.h */,
				3FCF7CF71B63865B002CE5D5 /* SearchTableVC.m */,
			);
			path = Explore;
			sourceTree = "<group>";
		};
		8E4F274592BE737AB4EBFF48 /* Frameworks */ = {
			isa = PBXGroup;
			children = (
				E8E792D13A526B5E88944E2D /* libPods.a */,
			);
			name = Frameworks;
			sourceTree = "<group>";
		};
		CD56E7A853F377ABE5D06B3C /* Pods */ = {
			isa = PBXGroup;
			children = (
				AB24770223FEE1F449EAD4FD /* Pods.debug.xcconfig */,
				C003DD33F5E02E04E4EEC24D /* Pods.release.xcconfig */,
			);
			name = Pods;
			sourceTree = "<group>";
		};
/* End PBXGroup section */

/* Begin PBXNativeTarget section */
		3F25473D1B45A0060012CDD6 /* MrCode */ = {
			isa = PBXNativeTarget;
			buildConfigurationList = 3F2547641B45A0070012CDD6 /* Build configuration list for PBXNativeTarget "MrCode" */;
			buildPhases = (
				E9882B0D19852A557F39372B /* Check Pods Manifest.lock */,
				3F25473A1B45A0060012CDD6 /* Sources */,
				3F25473B1B45A0060012CDD6 /* Frameworks */,
				3F25473C1B45A0060012CDD6 /* Resources */,
				38440463FE5394BF585665C0 /* Copy Pods Resources */,
			);
			buildRules = (
			);
			dependencies = (
			);
			name = MrCode;
			productName = MrCode;
			productReference = 3F25473E1B45A0060012CDD6 /* MrCode.app */;
			productType = "com.apple.product-type.application";
		};
		3F2547591B45A0070012CDD6 /* MrCodeTests */ = {
			isa = PBXNativeTarget;
			buildConfigurationList = 3F2547671B45A0070012CDD6 /* Build configuration list for PBXNativeTarget "MrCodeTests" */;
			buildPhases = (
				3F2547561B45A0070012CDD6 /* Sources */,
				3F2547571B45A0070012CDD6 /* Frameworks */,
				3F2547581B45A0070012CDD6 /* Resources */,
			);
			buildRules = (
			);
			dependencies = (
				3F25475C1B45A0070012CDD6 /* PBXTargetDependency */,
			);
			name = MrCodeTests;
			productName = MrCodeTests;
			productReference = 3F25475A1B45A0070012CDD6 /* MrCodeTests.xctest */;
			productType = "com.apple.product-type.bundle.unit-test";
		};
/* End PBXNativeTarget section */

/* Begin PBXProject section */
		3F2547361B45A0060012CDD6 /* Project object */ = {
			isa = PBXProject;
			attributes = {
				LastUpgradeCheck = 0630;
				ORGANIZATIONNAME = hao;
				TargetAttributes = {
					3F25473D1B45A0060012CDD6 = {
						CreatedOnToolsVersion = 6.3.2;
					};
					3F2547591B45A0070012CDD6 = {
						CreatedOnToolsVersion = 6.3.2;
						TestTargetID = 3F25473D1B45A0060012CDD6;
					};
				};
			};
			buildConfigurationList = 3F2547391B45A0060012CDD6 /* Build configuration list for PBXProject "MrCode" */;
			compatibilityVersion = "Xcode 3.2";
			developmentRegion = English;
			hasScannedForEncodings = 0;
			knownRegions = (
				en,
				Base,
			);
			mainGroup = 3F2547351B45A0060012CDD6;
			productRefGroup = 3F25473F1B45A0060012CDD6 /* Products */;
			projectDirPath = "";
			projectRoot = "";
			targets = (
				3F25473D1B45A0060012CDD6 /* MrCode */,
				3F2547591B45A0070012CDD6 /* MrCodeTests */,
			);
		};
/* End PBXProject section */

/* Begin PBXResourcesBuildPhase section */
		3F25473C1B45A0060012CDD6 /* Resources */ = {
			isa = PBXResourcesBuildPhase;
			buildActionMask = 2147483647;
			files = (
				3F2547501B45A0060012CDD6 /* Main.storyboard in Resources */,
				3F2547551B45A0070012CDD6 /* LaunchScreen.xib in Resources */,
				3F2547521B45A0070012CDD6 /* Images.xcassets in Resources */,
			);
			runOnlyForDeploymentPostprocessing = 0;
		};
		3F2547581B45A0070012CDD6 /* Resources */ = {
			isa = PBXResourcesBuildPhase;
			buildActionMask = 2147483647;
			files = (
			);
			runOnlyForDeploymentPostprocessing = 0;
		};
/* End PBXResourcesBuildPhase section */

/* Begin PBXShellScriptBuildPhase section */
		38440463FE5394BF585665C0 /* Copy Pods Resources */ = {
			isa = PBXShellScriptBuildPhase;
			buildActionMask = 2147483647;
			files = (
			);
			inputPaths = (
			);
			name = "Copy Pods Resources";
			outputPaths = (
			);
			runOnlyForDeploymentPostprocessing = 0;
			shellPath = /bin/sh;
			shellScript = "\"${SRCROOT}/Pods/Target Support Files/Pods/Pods-resources.sh\"\n";
			showEnvVarsInLog = 0;
		};
		E9882B0D19852A557F39372B /* Check Pods Manifest.lock */ = {
			isa = PBXShellScriptBuildPhase;
			buildActionMask = 2147483647;
			files = (
			);
			inputPaths = (
			);
			name = "Check Pods Manifest.lock";
			outputPaths = (
			);
			runOnlyForDeploymentPostprocessing = 0;
			shellPath = /bin/sh;
			shellScript = "diff \"${PODS_ROOT}/../Podfile.lock\" \"${PODS_ROOT}/Manifest.lock\" > /dev/null\nif [[ $? != 0 ]] ; then\n    cat << EOM\nerror: The sandbox is not in sync with the Podfile.lock. Run 'pod install' or update your CocoaPods installation.\nEOM\n    exit 1\nfi\n";
			showEnvVarsInLog = 0;
		};
/* End PBXShellScriptBuildPhase section */

/* Begin PBXSourcesBuildPhase section */
		3F25473A1B45A0060012CDD6 /* Sources */ = {
			isa = PBXSourcesBuildPhase;
			buildActionMask = 2147483647;
			files = (
				3F4149061B5B5EE30025B708 /* UserProfileTableVC.m in Sources */,
				3FCF7CF81B63865B002CE5D5 /* SearchDeveloperCell.m in Sources */,
				3F2547791B45A1DE0012CDD6 /* GITOrganization.m in Sources */,
				3FCF7CFA1B63865B002CE5D5 /* SearchTableVC.m in Sources */,
				3F4149091B5B8E2B0025B708 /* UserProfileHeaderView.m in Sources */,
				3F29DF241B516804002257DF /* GITEvent.m in Sources */,
				3F2547471B45A0060012CDD6 /* AppDelegate.m in Sources */,
				3F29DF211B50E718002257DF /* NotificationTableViewCell.m in Sources */,
				3F25478E1B47F6FF0012CDD6 /* RepositoriesTableVC.m in Sources */,
				3F2547771B45A1DE0012CDD6 /* GitHubOAuthClient.m in Sources */,
				3FBFD28C1B4AD68800BDC00F /* UIImage+MRC_Octicons.m in Sources */,
				3FBFD2921B4C1C3500BDC00F /* RepositoryHeaderView.m in Sources */,
				3F2547441B45A0060012CDD6 /* main.m in Sources */,
				3F29DF371B52485B002257DF /* GITSearch.m in Sources */,
				3F2547871B47F41D0012CDD6 /* NotificationsTableVC.m in Sources */,
				3F25477B1B45A1DE0012CDD6 /* GITUser.m in Sources */,
				3FCF7CF91B63865B002CE5D5 /* SearchRepositoryCell.m in Sources */,
				3F29DF1B1B4D8A6D002257DF /* GITBaseModel.m in Sources */,
				3F2547961B4900960012CDD6 /* TestViewController.m in Sources */,
				3F0006F21B4D7C6C00503F50 /* NSString+ToNSDate.m in Sources */,
				3FBFD28F1B4C1C0900BDC00F /* RepositoryDetailTableVC.m in Sources */,
				3F2547931B4842C80012CDD6 /* ReposTableViewCell.m in Sources */,
				3F25477A1B45A1DE0012CDD6 /* GITRepository.m in Sources */,
				3F2547781B45A1DE0012CDD6 /* GITNotification.m in Sources */,
				3FCF7CEF1B635337002CE5D5 /* KxMenu.m in Sources */,
			);
			runOnlyForDeploymentPostprocessing = 0;
		};
		3F2547561B45A0070012CDD6 /* Sources */ = {
			isa = PBXSourcesBuildPhase;
			buildActionMask = 2147483647;
			files = (
				3F2547611B45A0070012CDD6 /* MrCodeTests.m in Sources */,
			);
			runOnlyForDeploymentPostprocessing = 0;
		};
/* End PBXSourcesBuildPhase section */

/* Begin PBXTargetDependency section */
		3F25475C1B45A0070012CDD6 /* PBXTargetDependency */ = {
			isa = PBXTargetDependency;
			target = 3F25473D1B45A0060012CDD6 /* MrCode */;
			targetProxy = 3F25475B1B45A0070012CDD6 /* PBXContainerItemProxy */;
		};
/* End PBXTargetDependency section */

/* Begin PBXVariantGroup section */
		3F25474E1B45A0060012CDD6 /* Main.storyboard */ = {
			isa = PBXVariantGroup;
			children = (
				3F25474F1B45A0060012CDD6 /* Base */,
			);
			name = Main.storyboard;
			sourceTree = "<group>";
		};
		3F2547531B45A0070012CDD6 /* LaunchScreen.xib */ = {
			isa = PBXVariantGroup;
			children = (
				3F2547541B45A0070012CDD6 /* Base */,
			);
			name = LaunchScreen.xib;
			sourceTree = "<group>";
		};
/* End PBXVariantGroup section */

/* Begin XCBuildConfiguration section */
		3F2547621B45A0070012CDD6 /* Debug */ = {
			isa = XCBuildConfiguration;
			buildSettings = {
				ALWAYS_SEARCH_USER_PATHS = NO;
				CLANG_CXX_LANGUAGE_STANDARD = "gnu++0x";
				CLANG_CXX_LIBRARY = "libc++";
				CLANG_ENABLE_MODULES = YES;
				CLANG_ENABLE_OBJC_ARC = YES;
				CLANG_WARN_BOOL_CONVERSION = YES;
				CLANG_WARN_CONSTANT_CONVERSION = YES;
				CLANG_WARN_DIRECT_OBJC_ISA_USAGE = YES_ERROR;
				CLANG_WARN_EMPTY_BODY = YES;
				CLANG_WARN_ENUM_CONVERSION = YES;
				CLANG_WARN_INT_CONVERSION = YES;
				CLANG_WARN_OBJC_ROOT_CLASS = YES_ERROR;
				CLANG_WARN_UNREACHABLE_CODE = YES;
				CLANG_WARN__DUPLICATE_METHOD_MATCH = YES;
				"CODE_SIGN_IDENTITY[sdk=iphoneos*]" = "iPhone Developer";
				COPY_PHASE_STRIP = NO;
				DEBUG_INFORMATION_FORMAT = "dwarf-with-dsym";
				ENABLE_STRICT_OBJC_MSGSEND = YES;
				GCC_C_LANGUAGE_STANDARD = gnu99;
				GCC_DYNAMIC_NO_PIC = NO;
				GCC_NO_COMMON_BLOCKS = YES;
				GCC_OPTIMIZATION_LEVEL = 0;
				GCC_PREPROCESSOR_DEFINITIONS = (
					"DEBUG=1",
					"$(inherited)",
				);
				GCC_SYMBOLS_PRIVATE_EXTERN = NO;
				GCC_WARN_64_TO_32_BIT_CONVERSION = YES;
				GCC_WARN_ABOUT_RETURN_TYPE = YES_ERROR;
				GCC_WARN_UNDECLARED_SELECTOR = YES;
				GCC_WARN_UNINITIALIZED_AUTOS = YES_AGGRESSIVE;
				GCC_WARN_UNUSED_FUNCTION = YES;
				GCC_WARN_UNUSED_VARIABLE = YES;
				IPHONEOS_DEPLOYMENT_TARGET = 8.3;
				MTL_ENABLE_DEBUG_INFO = YES;
				ONLY_ACTIVE_ARCH = YES;
				SDKROOT = iphoneos;
			};
			name = Debug;
		};
		3F2547631B45A0070012CDD6 /* Release */ = {
			isa = XCBuildConfiguration;
			buildSettings = {
				ALWAYS_SEARCH_USER_PATHS = NO;
				CLANG_CXX_LANGUAGE_STANDARD = "gnu++0x";
				CLANG_CXX_LIBRARY = "libc++";
				CLANG_ENABLE_MODULES = YES;
				CLANG_ENABLE_OBJC_ARC = YES;
				CLANG_WARN_BOOL_CONVERSION = YES;
				CLANG_WARN_CONSTANT_CONVERSION = YES;
				CLANG_WARN_DIRECT_OBJC_ISA_USAGE = YES_ERROR;
				CLANG_WARN_EMPTY_BODY = YES;
				CLANG_WARN_ENUM_CONVERSION = YES;
				CLANG_WARN_INT_CONVERSION = YES;
				CLANG_WARN_OBJC_ROOT_CLASS = YES_ERROR;
				CLANG_WARN_UNREACHABLE_CODE = YES;
				CLANG_WARN__DUPLICATE_METHOD_MATCH = YES;
				"CODE_SIGN_IDENTITY[sdk=iphoneos*]" = "iPhone Developer";
				COPY_PHASE_STRIP = NO;
				DEBUG_INFORMATION_FORMAT = "dwarf-with-dsym";
				ENABLE_NS_ASSERTIONS = NO;
				ENABLE_STRICT_OBJC_MSGSEND = YES;
				GCC_C_LANGUAGE_STANDARD = gnu99;
				GCC_NO_COMMON_BLOCKS = YES;
				GCC_WARN_64_TO_32_BIT_CONVERSION = YES;
				GCC_WARN_ABOUT_RETURN_TYPE = YES_ERROR;
				GCC_WARN_UNDECLARED_SELECTOR = YES;
				GCC_WARN_UNINITIALIZED_AUTOS = YES_AGGRESSIVE;
				GCC_WARN_UNUSED_FUNCTION = YES;
				GCC_WARN_UNUSED_VARIABLE = YES;
				IPHONEOS_DEPLOYMENT_TARGET = 8.3;
				MTL_ENABLE_DEBUG_INFO = NO;
				SDKROOT = iphoneos;
				VALIDATE_PRODUCT = YES;
			};
			name = Release;
		};
		3F2547651B45A0070012CDD6 /* Debug */ = {
			isa = XCBuildConfiguration;
			baseConfigurationReference = AB24770223FEE1F449EAD4FD /* Pods.debug.xcconfig */;
			buildSettings = {
				ASSETCATALOG_COMPILER_APPICON_NAME = AppIcon;
				GCC_PREFIX_HEADER = "$(SRCROOT)/MrCode/MrCode-Prefix.pch";
				INFOPLIST_FILE = MrCode/Info.plist;
				LD_RUNPATH_SEARCH_PATHS = "$(inherited) @executable_path/Frameworks";
				PRODUCT_NAME = "$(TARGET_NAME)";
			};
			name = Debug;
		};
		3F2547661B45A0070012CDD6 /* Release */ = {
			isa = XCBuildConfiguration;
			baseConfigurationReference = C003DD33F5E02E04E4EEC24D /* Pods.release.xcconfig */;
			buildSettings = {
				ASSETCATALOG_COMPILER_APPICON_NAME = AppIcon;
				GCC_PREFIX_HEADER = "$(SRCROOT)/MrCode/MrCode-Prefix.pch";
				INFOPLIST_FILE = MrCode/Info.plist;
				LD_RUNPATH_SEARCH_PATHS = "$(inherited) @executable_path/Frameworks";
				PRODUCT_NAME = "$(TARGET_NAME)";
			};
			name = Release;
		};
		3F2547681B45A0070012CDD6 /* Debug */ = {
			isa = XCBuildConfiguration;
			buildSettings = {
				BUNDLE_LOADER = "$(TEST_HOST)";
				FRAMEWORK_SEARCH_PATHS = (
					"$(SDKROOT)/Developer/Library/Frameworks",
					"$(inherited)",
				);
				GCC_PREPROCESSOR_DEFINITIONS = (
					"DEBUG=1",
					"$(inherited)",
				);
				INFOPLIST_FILE = MrCodeTests/Info.plist;
				LD_RUNPATH_SEARCH_PATHS = "$(inherited) @executable_path/Frameworks @loader_path/Frameworks";
				PRODUCT_NAME = "$(TARGET_NAME)";
				TEST_HOST = "$(BUILT_PRODUCTS_DIR)/MrCode.app/MrCode";
			};
			name = Debug;
		};
		3F2547691B45A0070012CDD6 /* Release */ = {
			isa = XCBuildConfiguration;
			buildSettings = {
				BUNDLE_LOADER = "$(TEST_HOST)";
				FRAMEWORK_SEARCH_PATHS = (
					"$(SDKROOT)/Developer/Library/Frameworks",
					"$(inherited)",
				);
				INFOPLIST_FILE = MrCodeTests/Info.plist;
				LD_RUNPATH_SEARCH_PATHS = "$(inherited) @executable_path/Frameworks @loader_path/Frameworks";
				PRODUCT_NAME = "$(TARGET_NAME)";
				TEST_HOST = "$(BUILT_PRODUCTS_DIR)/MrCode.app/MrCode";
			};
			name = Release;
		};
/* End XCBuildConfiguration section */

/* Begin XCConfigurationList section */
		3F2547391B45A0060012CDD6 /* Build configuration list for PBXProject "MrCode" */ = {
			isa = XCConfigurationList;
			buildConfigurations = (
				3F2547621B45A0070012CDD6 /* Debug */,
				3F2547631B45A0070012CDD6 /* Release */,
			);
			defaultConfigurationIsVisible = 0;
			defaultConfigurationName = Release;
		};
		3F2547641B45A0070012CDD6 /* Build configuration list for PBXNativeTarget "MrCode" */ = {
			isa = XCConfigurationList;
			buildConfigurations = (
				3F2547651B45A0070012CDD6 /* Debug */,
				3F2547661B45A0070012CDD6 /* Release */,
			);
			defaultConfigurationIsVisible = 0;
			defaultConfigurationName = Release;
		};
		3F2547671B45A0070012CDD6 /* Build configuration list for PBXNativeTarget "MrCodeTests" */ = {
			isa = XCConfigurationList;
			buildConfigurations = (
				3F2547681B45A0070012CDD6 /* Debug */,
				3F2547691B45A0070012CDD6 /* Release */,
			);
			defaultConfigurationIsVisible = 0;
			defaultConfigurationName = Release;
		};
/* End XCConfigurationList section */
	};
	rootObject = 3F2547361B45A0060012CDD6 /* Project object */;
}
